
Microsoft Visual Studio Solution File, Format Version 12.00
# Visual Studio Version 16
VisualStudioVersion = 16.0.30717.126
MinimumVisualStudioVersion = 10.0.40219.1
Project("{2150E333-8FDC-42A3-9474-1A3956D46DE8}") = "1-View", "1-View", "{69C6FD08-1414-4179-B3D1-5E907F0EF6E4}"
EndProject
Project("{2150E333-8FDC-42A3-9474-1A3956D46DE8}") = "2-Services", "2-Services", "{E1C8F360-DCA0-4565-977C-5A6CC3FD9FC8}"
EndProject
Project("{2150E333-8FDC-42A3-9474-1A3956D46DE8}") = "3-Domain", "3-Domain", "{A80812D7-B5FE-4B27-A123-1CF5063FA244}"
EndProject
Project("{2150E333-8FDC-42A3-9474-1A3956D46DE8}") = "4-Repository", "4-Repository", "{EF4B745C-D956-46F3-8E3F-037199336ED8}"
EndProject
Project("{2150E333-8FDC-42A3-9474-1A3956D46DE8}") = "5-CrossCutting", "5-CrossCutting", "{DB99DD11-5A0F-4461-8CEB-354ED0572104}"
EndProject
Project("{FAE04EC0-301F-11D3-BF4B-00C04F79EFBC}") = "CrudBasicoCamadas.Domain", "CrudBasicoCamadas.Domain\CrudBasicoCamadas.Domain.csproj", "{343C0686-7009-4FF8-A2B1-14F18E3D8F2D}"
EndProject
Project("{FAE04EC0-301F-11D3-BF4B-00C04F79EFBC}") = "CrudBasicoCamadas.Services", "CrudBasicoCamadas.Services\CrudBasicoCamadas.Services.csproj", "{ACD69210-06A4-400E-A1BF-8487205C02A1}"
EndProject
Project("{FAE04EC0-301F-11D3-BF4B-00C04F79EFBC}") = "CrudBasicoCamadas.Domain.Interfaces", "CrudBasicoCamadas.Domain.Interfaces\CrudBasicoCamadas.Domain.Interfaces.csproj", "{B3ACCBC7-3412-4A5A-B2A8-6AF0D45B4541}"
EndProject
Project("{FAE04EC0-301F-11D3-BF4B-00C04F79EFBC}") = "CrudBasicoCamadas.Domain.Shared", "CrudBasicoCamadas.Domain.Shared\CrudBasicoCamadas.Domain.Shared.csproj", "{6767D8C3-3AC6-4348-A12C-40DB690D3960}"
EndProject
Project("{FAE04EC0-301F-11D3-BF4B-00C04F79EFBC}") = "BaseCrudCamadas.Repository.SqlServer", "BaseCrudCamadas.Repository.SqlServer\BaseCrudCamadas.Repository.SqlServer.csproj", "{25DE862C-FA4A-4A1D-AA63-E104CFF39EB9}"
EndProject
Project("{FAE04EC0-301F-11D3-BF4B-00C04F79EFBC}") = "CrudBasicoCamadas.IoC", "CrudBasicoCamadas.IoC\CrudBasicoCamadas.IoC.csproj", "{4C033A4D-638D-45D6-A29D-FE8D347426E4}"
EndProject
Project("{FAE04EC0-301F-11D3-BF4B-00C04F79EFBC}") = "CrudBasicoCamadas.Api", "CrudBasicoCamadas.Api\CrudBasicoCamadas.Api.csproj", "{5DAB8D1E-E326-43F2-88C0-C1A071C5C1E5}"
EndProject
Global
	GlobalSection(SolutionConfigurationPlatforms) = preSolution
		Debug|Any CPU = Debug|Any CPU
		Release|Any CPU = Release|Any CPU
	EndGlobalSection
	GlobalSection(ProjectConfigurationPlatforms) = postSolution
		{343C0686-7009-4FF8-A2B1-14F18E3D8F2D}.Debug|Any CPU.ActiveCfg = Debug|Any CPU
		{343C0686-7009-4FF8-A2B1-14F18E3D8F2D}.Debug|Any CPU.Build.0 = Debug|Any CPU
		{343C0686-7009-4FF8-A2B1-14F18E3D8F2D}.Release|Any CPU.ActiveCfg = Release|Any CPU
		{343C0686-7009-4FF8-A2B1-14F18E3D8F2D}.Release|Any CPU.Build.0 = Release|Any CPU
		{ACD69210-06A4-400E-A1BF-8487205C02A1}.Debug|Any CPU.ActiveCfg = Debug|Any CPU
		{ACD69210-06A4-400E-A1BF-8487205C02A1}.Debug|Any CPU.Build.0 = Debug|Any CPU
		{ACD69210-06A4-400E-A1BF-8487205C02A1}.Release|Any CPU.ActiveCfg = Release|Any CPU
		{ACD69210-06A4-400E-A1BF-8487205C02A1}.Release|Any CPU.Build.0 = Release|Any CPU
		{B3ACCBC7-3412-4A5A-B2A8-6AF0D45B4541}.Debug|Any CPU.ActiveCfg = Debug|Any CPU
		{B3ACCBC7-3412-4A5A-B2A8-6AF0D45B4541}.Debug|Any CPU.Build.0 = Debug|Any CPU
		{B3ACCBC7-3412-4A5A-B2A8-6AF0D45B4541}.Release|Any CPU.ActiveCfg = Release|Any CPU
		{B3ACCBC7-3412-4A5A-B2A8-6AF0D45B4541}.Release|Any CPU.Build.0 = Release|Any CPU
		{6767D8C3-3AC6-4348-A12C-40DB690D3960}.Debug|Any CPU.ActiveCfg = Debug|Any CPU
		{6767D8C3-3AC6-4348-A12C-40DB690D3960}.Debug|Any CPU.Build.0 = Debug|Any CPU
		{6767D8C3-3AC6-4348-A12C-40DB690D3960}.Release|Any CPU.ActiveCfg = Release|Any CPU
		{6767D8C3-3AC6-4348-A12C-40DB690D3960}.Release|Any CPU.Build.0 = Release|Any CPU
		{25DE862C-FA4A-4A1D-AA63-E104CFF39EB9}.Debug|Any CPU.ActiveCfg = Debug|Any CPU
		{25DE862C-FA4A-4A1D-AA63-E104CFF39EB9}.Debug|Any CPU.Build.0 = Debug|Any CPU
		{25DE862C-FA4A-4A1D-AA63-E104CFF39EB9}.Release|Any CPU.ActiveCfg = Release|Any CPU
		{25DE862C-FA4A-4A1D-AA63-E104CFF39EB9}.Release|Any CPU.Build.0 = Release|Any CPU
		{4C033A4D-638D-45D6-A29D-FE8D347426E4}.Debug|Any CPU.ActiveCfg = Debug|Any CPU
		{4C033A4D-638D-45D6-A29D-FE8D347426E4}.Debug|Any CPU.Build.0 = Debug|Any CPU
		{4C033A4D-638D-45D6-A29D-FE8D347426E4}.Release|Any CPU.ActiveCfg = Release|Any CPU
		{4C033A4D-638D-45D6-A29D-FE8D347426E4}.Release|Any CPU.Build.0 = Release|Any CPU
		{5DAB8D1E-E326-43F2-88C0-C1A071C5C1E5}.Debug|Any CPU.ActiveCfg = Debug|Any CPU
		{5DAB8D1E-E326-43F2-88C0-C1A071C5C1E5}.Debug|Any CPU.Build.0 = Debug|Any CPU
		{5DAB8D1E-E326-43F2-88C0-C1A071C5C1E5}.Release|Any CPU.ActiveCfg = Release|Any CPU
		{5DAB8D1E-E326-43F2-88C0-C1A071C5C1E5}.Release|Any CPU.Build.0 = Release|Any CPU
	EndGlobalSection
	GlobalSection(SolutionProperties) = preSolution
		HideSolutionNode = FALSE
	EndGlobalSection
	GlobalSection(NestedProjects) = preSolution
		{343C0686-7009-4FF8-A2B1-14F18E3D8F2D} = {A80812D7-B5FE-4B27-A123-1CF5063FA244}
		{ACD69210-06A4-400E-A1BF-8487205C02A1} = {E1C8F360-DCA0-4565-977C-5A6CC3FD9FC8}
		{B3ACCBC7-3412-4A5A-B2A8-6AF0D45B4541} = {A80812D7-B5FE-4B27-A123-1CF5063FA244}
		{6767D8C3-3AC6-4348-A12C-40DB690D3960} = {A80812D7-B5FE-4B27-A123-1CF5063FA244}
		{25DE862C-FA4A-4A1D-AA63-E104CFF39EB9} = {EF4B745C-D956-46F3-8E3F-037199336ED8}
		{4C033A4D-638D-45D6-A29D-FE8D347426E4} = {DB99DD11-5A0F-4461-8CEB-354ED0572104}
		{5DAB8D1E-E326-43F2-88C0-C1A071C5C1E5} = {69C6FD08-1414-4179-B3D1-5E907F0EF6E4}
	EndGlobalSection
	GlobalSection(ExtensibilityGlobals) = postSolution
		SolutionGuid = {41440C9C-7350-488E-9BD5-C19CC5E8CC81}
	EndGlobalSection
EndGlobal
